
Microsoft Visual Studio Solution File, Format Version 12.00
# Visual Studio Version 17
VisualStudioVersion = 17.9.34607.119
MinimumVisualStudioVersion = 10.0.40219.1
Project("{9A19103F-16F7-4668-BE54-9A1E7A4F7556}") = "InteractiveCodeExecution", "InteractiveCodeExecution\InteractiveCodeExecution.csproj", "{A33E0F20-78B4-4E32-AA9B-1C8261A732B6}"
EndProject
Project("{9A19103F-16F7-4668-BE54-9A1E7A4F7556}") = "MarcusW.VncClient", "..\MarcusW.VncClient\src\MarcusW.VncClient\MarcusW.VncClient.csproj", "{F8CA14FA-29F4-4CBF-A621-FAC3D6A2B712}"
EndProject
Global
	GlobalSection(SolutionConfigurationPlatforms) = preSolution
		Debug|Any CPU = Debug|Any CPU
		Release|Any CPU = Release|Any CPU
	EndGlobalSection
	GlobalSection(ProjectConfigurationPlatforms) = postSolution
		{A33E0F20-78B4-4E32-AA9B-1C8261A732B6}.Debug|Any CPU.ActiveCfg = Debug|Any CPU
		{A33E0F20-78B4-4E32-AA9B-1C8261A732B6}.Debug|Any CPU.Build.0 = Debug|Any CPU
		{A33E0F20-78B4-4E32-AA9B-1C8261A732B6}.Release|Any CPU.ActiveCfg = Release|Any CPU
		{A33E0F20-78B4-4E32-AA9B-1C8261A732B6}.Release|Any CPU.Build.0 = Release|Any CPU
		{F8CA14FA-29F4-4CBF-A621-FAC3D6A2B712}.Debug|Any CPU.ActiveCfg = Debug|Any CPU
		{F8CA14FA-29F4-4CBF-A621-FAC3D6A2B712}.Debug|Any CPU.Build.0 = Debug|Any CPU
		{F8CA14FA-29F4-4CBF-A621-FAC3D6A2B712}.Release|Any CPU.ActiveCfg = Release|Any CPU
		{F8CA14FA-29F4-4CBF-A621-FAC3D6A2B712}.Release|Any CPU.Build.0 = Release|Any CPU
	EndGlobalSection
	GlobalSection(SolutionProperties) = preSolution
		HideSolutionNode = FALSE
	EndGlobalSection
	GlobalSection(ExtensibilityGlobals) = postSolution
		SolutionGuid = {86412ADA-BCBD-43C4-8808-D4C1EE86D5FE}
	EndGlobalSection
EndGlobal
